
Microsoft Visual Studio Solution File, Format Version 12.00
# Visual Studio Version 17
VisualStudioVersion = 17.6.34202.202
MinimumVisualStudioVersion = 10.0.40219.1
Project("{9A19103F-16F7-4668-BE54-9A1E7A4F7556}") = "RealTimeAI", "RealTimeAI\RealTimeAI.csproj", "{458223B4-59B1-4C37-8D2D-BD20A7BC196E}"
EndProject
Global
	GlobalSection(SolutionConfigurationPlatforms) = preSolution
		Debug|Any CPU = Debug|Any CPU
		Release|Any CPU = Release|Any CPU
	EndGlobalSection
	GlobalSection(ProjectConfigurationPlatforms) = postSolution
		{458223B4-59B1-4C37-8D2D-BD20A7BC196E}.Debug|Any CPU.ActiveCfg = Debug|Any CPU
		{458223B4-59B1-4C37-8D2D-BD20A7BC196E}.Debug|Any CPU.Build.0 = Debug|Any CPU
		{458223B4-59B1-4C37-8D2D-BD20A7BC196E}.Release|Any CPU.ActiveCfg = Release|Any CPU
		{458223B4-59B1-4C37-8D2D-BD20A7BC196E}.Release|Any CPU.Build.0 = Release|Any CPU
	EndGlobalSection
	GlobalSection(SolutionProperties) = preSolution
		HideSolutionNode = FALSE
	EndGlobalSection
	GlobalSection(ExtensibilityGlobals) = postSolution
		SolutionGuid = {CC126C00-0125-451A-A0FA-20568468272F}
	EndGlobalSection
EndGlobal
